
Microsoft Visual Studio Solution File, Format Version 12.00
# Visual Studio 15
VisualStudioVersion = 15.0.26730.12
MinimumVisualStudioVersion = 10.0.40219.1
Project("{FAE04EC0-301F-11D3-BF4B-00C04F79EFBC}") = "AnimalForm", "AnimalForm\AnimalForm.csproj", "{F7F1DCE7-9DED-47D1-94DE-2E07621F3BA9}"
EndProject
Global
	GlobalSection(SolutionConfigurationPlatforms) = preSolution
		Debug|Any CPU = Debug|Any CPU
		Release|Any CPU = Release|Any CPU
	EndGlobalSection
	GlobalSection(ProjectConfigurationPlatforms) = postSolution
		{F7F1DCE7-9DED-47D1-94DE-2E07621F3BA9}.Debug|Any CPU.ActiveCfg = Debug|Any CPU
		{F7F1DCE7-9DED-47D1-94DE-2E07621F3BA9}.Debug|Any CPU.Build.0 = Debug|Any CPU
		{F7F1DCE7-9DED-47D1-94DE-2E07621F3BA9}.Release|Any CPU.ActiveCfg = Release|Any CPU
		{F7F1DCE7-9DED-47D1-94DE-2E07621F3BA9}.Release|Any CPU.Build.0 = Release|Any CPU
	EndGlobalSection
	GlobalSection(SolutionProperties) = preSolution
		HideSolutionNode = FALSE
	EndGlobalSection
	GlobalSection(ExtensibilityGlobals) = postSolution
		SolutionGuid = {B7A8A432-F0E1-4FEC-AF5C-CFC686EAED69}
	EndGlobalSection
EndGlobal
